
Microsoft Visual Studio Solution File, Format Version 12.00
# Visual Studio Version 17
VisualStudioVersion = 17.9.34607.119
MinimumVisualStudioVersion = 10.0.40219.1
Project("{9A19103F-16F7-4668-BE54-9A1E7A4F7556}") = "reservasAPI", "reservasAPI.csproj", "{DD02660D-EB0B-48BC-B8CD-4A90F9DE0DCD}"
EndProject
Project("{FAE04EC0-301F-11D3-BF4B-00C04F79EFBC}") = "reservasAPI.IntegrationTest", "..\reservasAPI.IntegrationTest\reservasAPI.IntegrationTest.csproj", "{8F2FCCDA-0B24-4C2B-A24D-545616E1BE02}"
EndProject
Global
	GlobalSection(SolutionConfigurationPlatforms) = preSolution
		Debug|Any CPU = Debug|Any CPU
		Release|Any CPU = Release|Any CPU
	EndGlobalSection
	GlobalSection(ProjectConfigurationPlatforms) = postSolution
		{DD02660D-EB0B-48BC-B8CD-4A90F9DE0DCD}.Debug|Any CPU.ActiveCfg = Debug|Any CPU
		{DD02660D-EB0B-48BC-B8CD-4A90F9DE0DCD}.Debug|Any CPU.Build.0 = Debug|Any CPU
		{DD02660D-EB0B-48BC-B8CD-4A90F9DE0DCD}.Release|Any CPU.ActiveCfg = Release|Any CPU
		{DD02660D-EB0B-48BC-B8CD-4A90F9DE0DCD}.Release|Any CPU.Build.0 = Release|Any CPU
		{8F2FCCDA-0B24-4C2B-A24D-545616E1BE02}.Debug|Any CPU.ActiveCfg = Debug|Any CPU
		{8F2FCCDA-0B24-4C2B-A24D-545616E1BE02}.Debug|Any CPU.Build.0 = Debug|Any CPU
		{8F2FCCDA-0B24-4C2B-A24D-545616E1BE02}.Release|Any CPU.ActiveCfg = Release|Any CPU
		{8F2FCCDA-0B24-4C2B-A24D-545616E1BE02}.Release|Any CPU.Build.0 = Release|Any CPU
	EndGlobalSection
	GlobalSection(SolutionProperties) = preSolution
		HideSolutionNode = FALSE
	EndGlobalSection
	GlobalSection(ExtensibilityGlobals) = postSolution
		SolutionGuid = {69EBED9E-D58D-4026-B5B6-1E99E23FDF10}
	EndGlobalSection
EndGlobal
